{
  "name": "my-app",
  "version": "1.0.0",
  "lockfileVersion": 3,
  "requires": true,
  "packages": {
    "": {
      "name": "my-app",
      "version": "1.0.0",
      "dependencies": {
        "@abp/aspnetcore.mvc.ui.theme.leptonxlite": "~4.1.0"
      }
    },
    "node_modules/@abp/aspnetcore.mvc.ui": {
      "version": "9.1.1",
      "license": "LGPL-3.0",
      "dependencies": {
        "ansi-colors": "^4.1.3"
      }
    },
    "node_modules/@abp/aspnetcore.mvc.ui.theme.leptonxlite": {
      "version": "4.1.1",
      "license": "LGPL-3.0",
      "dependencies": {
        "@abp/aspnetcore.mvc.ui.theme.shared": "~9.1.1"
      }
    },
    "node_modules/@abp/aspnetcore.mvc.ui.theme.shared": {
      "version": "9.1.1",
      "license": "LGPL-3.0",
      "dependencies": {
        "@abp/aspnetcore.mvc.ui": "~9.1.1",
        "@abp/bootstrap": "~9.1.1",
        "@abp/bootstrap-datepicker": "~9.1.1",
        "@abp/bootstrap-daterangepicker": "~9.1.1",
        "@abp/datatables.net-bs5": "~9.1.1",
        "@abp/font-awesome": "~9.1.1",
        "@abp/jquery-form": "~9.1.1",
        "@abp/jquery-validation-unobtrusive": "~9.1.1",
        "@abp/lodash": "~9.1.1",
        "@abp/luxon": "~9.1.1",
        "@abp/malihu-custom-scrollbar-plugin": "~9.1.1",
        "@abp/moment": "~9.1.1",
        "@abp/select2": "~9.1.1",
        "@abp/sweetalert2": "~9.1.1",
        "@abp/timeago": "~9.1.1",
        "@abp/toastr": "~9.1.1"
      }
    },
    "node_modules/@abp/bootstrap": {
      "version": "9.1.1",
      "license": "LGPL-3.0",
      "dependencies": {
        "@abp/core": "~9.1.1",
        "bootstrap": "^5.3.3"
      }
    },
    "node_modules/@abp/bootstrap-datepicker": {
      "version": "9.1.1",
      "license": "LGPL-3.0",
      "dependencies": {
        "bootstrap-datepicker": "^1.10.0"
      }
    },
    "node_modules/@abp/bootstrap-daterangepicker": {
      "version": "9.1.1",
      "license": "LGPL-3.0",
      "dependencies": {
        "bootstrap-daterangepicker": "^3.1.0"
      }
    },
    "node_modules/@abp/core": {
      "version": "9.1.1",
      "license": "LGPL-3.0",
      "dependencies": {
        "@abp/utils": "~9.1.1"
      }
    },
    "node_modules/@abp/datatables.net": {
      "version": "9.1.1",
      "license": "LGPL-3.0",
      "dependencies": {
        "@abp/jquery": "~9.1.1",
        "datatables.net": "^2.1.8"
      }
    },
    "node_modules/@abp/datatables.net-bs5": {
      "version": "9.1.1",
      "license": "LGPL-3.0",
      "dependencies": {
        "@abp/datatables.net": "~9.1.1",
        "datatables.net-bs5": "^2.1.8"
      }
    },
    "node_modules/@abp/font-awesome": {
      "version": "9.1.1",
      "license": "LGPL-3.0",
      "dependencies": {
        "@abp/core": "~9.1.1",
        "@fortawesome/fontawesome-free": "^6.6.0"
      }
    },
    "node_modules/@abp/jquery": {
      "version": "9.1.1",
      "license": "LGPL-3.0",
      "dependencies": {
        "@abp/core": "~9.1.1",
        "jquery": "~3.7.1"
      }
    },
    "node_modules/@abp/jquery-form": {
      "version": "9.1.1",
      "license": "LGPL-3.0",
      "dependencies": {
        "@abp/jquery": "~9.1.1",
        "jquery-form": "^4.3.0"
      }
    },
    "node_modules/@abp/jquery-validation": {
      "version": "9.1.1",
      "license": "LGPL-3.0",
      "dependencies": {
        "@abp/jquery": "~9.1.1",
        "jquery-validation": "^1.21.0"
      }
    },
    "node_modules/@abp/jquery-validation-unobtrusive": {
      "version": "9.1.1",
      "license": "LGPL-3.0",
      "dependencies": {
        "@abp/jquery-validation": "~9.1.1",
        "jquery-validation-unobtrusive": "^4.0.0"
      }
    },
    "node_modules/@abp/lodash": {
      "version": "9.1.1",
      "license": "LGPL-3.0",
      "dependencies": {
        "@abp/core": "~9.1.1",
        "lodash": "^4.17.21"
      }
    },
    "node_modules/@abp/luxon": {
      "version": "9.1.1",
      "license": "LGPL-3.0",
      "dependencies": {
        "@abp/core": "~9.1.1",
        "luxon": "^3.5.0"
      }
    },
    "node_modules/@abp/malihu-custom-scrollbar-plugin": {
      "version": "9.1.1",
      "license": "LGPL-3.0",
      "dependencies": {
        "@abp/core": "~9.1.1",
        "malihu-custom-scrollbar-plugin": "^3.1.5"
      }
    },
    "node_modules/@abp/moment": {
      "version": "9.1.1",
      "license": "LGPL-3.0",
      "dependencies": {
        "moment": "^2.30.1"
      }
    },
    "node_modules/@abp/select2": {
      "version": "9.1.1",
      "license": "LGPL-3.0",
      "dependencies": {
        "@abp/core": "~9.1.1",
        "select2": "^4.0.13"
      }
    },
    "node_modules/@abp/sweetalert2": {
      "version": "9.1.1",
      "license": "LGPL-3.0",
      "dependencies": {
        "@abp/core": "~9.1.1",
        "sweetalert2": "^11.14.1"
      }
    },
    "node_modules/@abp/timeago": {
      "version": "9.1.1",
      "license": "LGPL-3.0",
      "dependencies": {
        "@abp/jquery": "~9.1.1",
        "timeago": "^1.6.7"
      }
    },
    "node_modules/@abp/toastr": {
      "version": "9.1.1",
      "license": "LGPL-3.0",
      "dependencies": {
        "@abp/jquery": "~9.1.1",
        "toastr": "^2.1.4"
      }
    },
    "node_modules/@abp/utils": {
      "version": "9.1.1",
      "license": "LGPL-3.0",
      "dependencies": {
        "just-compare": "^2.3.0"
      }
    },
    "node_modules/@fortawesome/fontawesome-free": {
      "version": "6.7.2",
      "license": "(CC-BY-4.0 AND OFL-1.1 AND MIT)",
      "engines": {
        "node": ">=6"
      }
    },
    "node_modules/@popperjs/core": {
      "version": "2.11.8",
      "resolved": "https://registry.npmmirror.com/@popperjs/core/-/core-2.11.8.tgz",
      "integrity": "sha512-P1st0aksCrn9sGZhp8GMYwBnQsbvAWsZAX44oXNNvLHGqAOcoVxmjZiohstwQ7SqKnbR47akdNi+uleWD8+g6A==",
      "peer": true,
      "funding": {
        "type": "opencollective",
        "url": "https://opencollective.com/popperjs"
      }
    },
    "node_modules/ansi-colors": {
      "version": "4.1.3",
      "license": "MIT",
      "engines": {
        "node": ">=6"
      }
    },
    "node_modules/bootstrap": {
      "version": "5.3.5",
      "funding": [
        {
          "type": "github",
          "url": "https://github.com/sponsors/twbs"
        },
        {
          "type": "opencollective",
          "url": "https://opencollective.com/bootstrap"
        }
      ],
      "license": "MIT",
      "peerDependencies": {
        "@popperjs/core": "^2.11.8"
      }
    },
    "node_modules/bootstrap-datepicker": {
      "version": "1.10.0",
      "license": "Apache-2.0",
      "dependencies": {
        "jquery": ">=3.4.0 <4.0.0"
      }
    },
    "node_modules/bootstrap-daterangepicker": {
      "version": "3.1.0",
      "license": "MIT",
      "dependencies": {
        "jquery": ">=1.10",
        "moment": "^2.9.0"
      }
    },
    "node_modules/datatables.net": {
      "version": "2.2.2",
      "license": "MIT",
      "dependencies": {
        "jquery": ">=1.7"
      }
    },
    "node_modules/datatables.net-bs5": {
      "version": "2.2.2",
      "license": "MIT",
      "dependencies": {
        "datatables.net": "2.2.2",
        "jquery": ">=1.7"
      }
    },
    "node_modules/jquery": {
      "version": "3.7.1",
      "license": "MIT"
    },
    "node_modules/jquery-form": {
      "version": "4.3.0",
      "license": "(LGPL-2.1+ OR MIT)",
      "dependencies": {
        "jquery": ">=1.7.2"
      }
    },
    "node_modules/jquery-mousewheel": {
      "version": "3.2.2",
      "license": "MIT",
      "dependencies": {
        "jquery": ">=1.2.6"
      }
    },
    "node_modules/jquery-validation": {
      "version": "1.21.0",
      "license": "MIT",
      "peerDependencies": {
        "jquery": "^1.7 || ^2.0 || ^3.1"
      }
    },
    "node_modules/jquery-validation-unobtrusive": {
      "version": "4.0.0",
      "license": "https://aka.ms/jqueryunobtrusivelicense",
      "dependencies": {
        "jquery": "^3.6.0",
        "jquery-validation": ">=1.19"
      }
    },
    "node_modules/just-compare": {
      "version": "2.3.0",
      "license": "MIT"
    },
    "node_modules/lodash": {
      "version": "4.17.21",
      "license": "MIT"
    },
    "node_modules/luxon": {
      "version": "3.6.1",
      "license": "MIT",
      "engines": {
        "node": ">=12"
      }
    },
    "node_modules/malihu-custom-scrollbar-plugin": {
      "version": "3.1.5",
      "license": "MIT",
      "dependencies": {
        "jquery-mousewheel": ">=3.0.6"
      }
    },
    "node_modules/moment": {
      "version": "2.30.1",
      "license": "MIT",
      "engines": {
        "node": "*"
      }
    },
    "node_modules/select2": {
      "version": "4.0.13",
      "license": "MIT"
    },
    "node_modules/sweetalert2": {
      "version": "11.19.1",
      "license": "MIT",
      "funding": {
        "type": "individual",
        "url": "https://github.com/sponsors/limonte"
      }
    },
    "node_modules/timeago": {
      "version": "1.6.7",
      "dependencies": {
        "jquery": ">=1.5.0 <4.0"
      }
    },
    "node_modules/toastr": {
      "version": "2.1.4",
      "dependencies": {
        "jquery": ">=1.12.0"
      }
    }
  }
}
