# This file is generated by running "yarn install" inside your project.
# Manual changes might be lost - proceed with caution!

__metadata:
  version: 8
  cacheKey: 10c0

"@abp/aspnetcore.mvc.ui.theme.leptonxlite@npm:~4.1.0":
  version: 4.1.1
  resolution: "@abp/aspnetcore.mvc.ui.theme.leptonxlite@npm:4.1.1"
  dependencies:
    "@abp/aspnetcore.mvc.ui.theme.shared": "npm:~9.1.1"
  checksum: 10c0/a3b83460821fa88903029598b93f7c7e4cac4c8c7d669217e5c479456a06713e52fd12097beabe14d5f32415b65e2a89ecf8b25fb1bea4fbcf9ec39b6166eb76
  languageName: node
  linkType: hard

"@abp/aspnetcore.mvc.ui.theme.shared@npm:~9.1.1":
  version: 9.1.1
  resolution: "@abp/aspnetcore.mvc.ui.theme.shared@npm:9.1.1"
  dependencies:
    "@abp/aspnetcore.mvc.ui": "npm:~9.1.1"
    "@abp/bootstrap": "npm:~9.1.1"
    "@abp/bootstrap-datepicker": "npm:~9.1.1"
    "@abp/bootstrap-daterangepicker": "npm:~9.1.1"
    "@abp/datatables.net-bs5": "npm:~9.1.1"
    "@abp/font-awesome": "npm:~9.1.1"
    "@abp/jquery-form": "npm:~9.1.1"
    "@abp/jquery-validation-unobtrusive": "npm:~9.1.1"
    "@abp/lodash": "npm:~9.1.1"
    "@abp/luxon": "npm:~9.1.1"
    "@abp/malihu-custom-scrollbar-plugin": "npm:~9.1.1"
    "@abp/moment": "npm:~9.1.1"
    "@abp/select2": "npm:~9.1.1"
    "@abp/sweetalert2": "npm:~9.1.1"
    "@abp/timeago": "npm:~9.1.1"
    "@abp/toastr": "npm:~9.1.1"
  checksum: 10c0/20672aeed66bc8f694bfb23fd836b3bc709ba179690ebe406d5f7217b5f17b4eb6a0328a72bdbdb16bf195259b0db1c04a6560781d1ebf9522317acff556cd3f
  languageName: node
  linkType: hard

"@abp/aspnetcore.mvc.ui@npm:~9.1.1":
  version: 9.1.1
  resolution: "@abp/aspnetcore.mvc.ui@npm:9.1.1"
  dependencies:
    ansi-colors: "npm:^4.1.3"
  checksum: 10c0/5319407cbb3962a545b2b8b513d8b0424d6df5042edfafe3d009213a059ee823354b4e296505c23245faf2f66c899e6fe3566ed6f79d011cf72db7498a8d33aa
  languageName: node
  linkType: hard

"@abp/bootstrap-datepicker@npm:~9.1.1":
  version: 9.1.1
  resolution: "@abp/bootstrap-datepicker@npm:9.1.1"
  dependencies:
    bootstrap-datepicker: "npm:^1.10.0"
  checksum: 10c0/abafd1860a0e4ef1f53da7d69b8ac70afe55e6c8e4a60183bd0abe569c40fffdb3e6953424679963b7f6fb70a136c225f517a9e94d073a96361a0b95a40407b4
  languageName: node
  linkType: hard

"@abp/bootstrap-daterangepicker@npm:~9.1.1":
  version: 9.1.1
  resolution: "@abp/bootstrap-daterangepicker@npm:9.1.1"
  dependencies:
    bootstrap-daterangepicker: "npm:^3.1.0"
  checksum: 10c0/723e6323864325ac6ba8f5f58731135b5b296e1b53c578a12eb698bda2a6230961d00fa636ceb3e0dd1f35573e626274abdd0ac233abbc7b7a9e3edff1356f64
  languageName: node
  linkType: hard

"@abp/bootstrap@npm:~9.1.1":
  version: 9.1.1
  resolution: "@abp/bootstrap@npm:9.1.1"
  dependencies:
    "@abp/core": "npm:~9.1.1"
    bootstrap: "npm:^5.3.3"
  checksum: 10c0/67645f1047db6bb83598bc487bdfe5f3af2332b146d95a0de84b964c304d10dfe1d3392e8e5ffd7d2da77d1e9b524e54f0071428b20fcfc37109a82d81feb683
  languageName: node
  linkType: hard

"@abp/core@npm:~9.1.1":
  version: 9.1.1
  resolution: "@abp/core@npm:9.1.1"
  dependencies:
    "@abp/utils": "npm:~9.1.1"
  checksum: 10c0/02ac2eccd35c6965fecdb0449be0963b6f4ad31798e84f1c652854d1170cab130e5ea88c40df1b89d9c58f51e3ab9b2dbc77611f73cea27b13d1eecc2064b490
  languageName: node
  linkType: hard

"@abp/datatables.net-bs5@npm:~9.1.1":
  version: 9.1.1
  resolution: "@abp/datatables.net-bs5@npm:9.1.1"
  dependencies:
    "@abp/datatables.net": "npm:~9.1.1"
    datatables.net-bs5: "npm:^2.1.8"
  checksum: 10c0/c41ab44d16f289dc6383ab84a03f202506f8cc147ffddfb1d83f46421b25db390d2c7517fb7a2a399aa9090d0e97341ec6826630bc54a8e469c93daebf727304
  languageName: node
  linkType: hard

"@abp/datatables.net@npm:~9.1.1":
  version: 9.1.1
  resolution: "@abp/datatables.net@npm:9.1.1"
  dependencies:
    "@abp/jquery": "npm:~9.1.1"
    datatables.net: "npm:^2.1.8"
  checksum: 10c0/f7b0c083a6b60d6eba20cf92c85710842851296ba1c6293b59c09c2e9b41678c4afafa2736d13ffd1502be8be52af805cacb023ca58ae9ce505e989f84b45e54
  languageName: node
  linkType: hard

"@abp/font-awesome@npm:~9.1.1":
  version: 9.1.1
  resolution: "@abp/font-awesome@npm:9.1.1"
  dependencies:
    "@abp/core": "npm:~9.1.1"
    "@fortawesome/fontawesome-free": "npm:^6.6.0"
  checksum: 10c0/e497ec46f07a374f019388c1f76174403f3dee67d1abfc2cbe4b830d6b704d07f0cfa2f64681f567a952318c40df85a27536a41a25a45ff74440fc9f1954712a
  languageName: node
  linkType: hard

"@abp/jquery-form@npm:~9.1.1":
  version: 9.1.1
  resolution: "@abp/jquery-form@npm:9.1.1"
  dependencies:
    "@abp/jquery": "npm:~9.1.1"
    jquery-form: "npm:^4.3.0"
  checksum: 10c0/f14575d96429d0cf6d519bf9854126cb839767cd57fd6bd91cb28579317ec96885c4b805b55e7280edaf98d43905d2f2d391f5e9f4cc94077f60bff4858494b9
  languageName: node
  linkType: hard

"@abp/jquery-validation-unobtrusive@npm:~9.1.1":
  version: 9.1.1
  resolution: "@abp/jquery-validation-unobtrusive@npm:9.1.1"
  dependencies:
    "@abp/jquery-validation": "npm:~9.1.1"
    jquery-validation-unobtrusive: "npm:^4.0.0"
  checksum: 10c0/ed9075e18ec090c2961e10e5be5e5c122253b7e05b13e753e001465bb02d81664a5fef8667379101eb96be400e81c9c74f723edaa8120c06993ee71d9d1f17e2
  languageName: node
  linkType: hard

"@abp/jquery-validation@npm:~9.1.1":
  version: 9.1.1
  resolution: "@abp/jquery-validation@npm:9.1.1"
  dependencies:
    "@abp/jquery": "npm:~9.1.1"
    jquery-validation: "npm:^1.21.0"
  checksum: 10c0/11aaad5ef8b9a69f6676d840d8753fbd3676863d74ff4f5d61729ca6afac5adb59baefffe84a8fd7721e671088d1c7d6940493692db1994728fddc2f5c8382d3
  languageName: node
  linkType: hard

"@abp/jquery@npm:~9.1.1":
  version: 9.1.1
  resolution: "@abp/jquery@npm:9.1.1"
  dependencies:
    "@abp/core": "npm:~9.1.1"
    jquery: "npm:~3.7.1"
  checksum: 10c0/857991257c732fcc5af9178ae4056006e0cc8892ab90147b9357582003f2e51f793045fa4554b0e65b2ac90cd232716260cc691cb47a6ba13d166dd46a04c6d9
  languageName: node
  linkType: hard

"@abp/lodash@npm:~9.1.1":
  version: 9.1.1
  resolution: "@abp/lodash@npm:9.1.1"
  dependencies:
    "@abp/core": "npm:~9.1.1"
    lodash: "npm:^4.17.21"
  checksum: 10c0/b0e292ce1665e6f4e75eddd404242537d1fc4313e92461a468c8d0049eab463b4bc78ff36c03e14103492b40b2c49437b70f70f123df6495e610d75610277fd5
  languageName: node
  linkType: hard

"@abp/luxon@npm:~9.1.1":
  version: 9.1.1
  resolution: "@abp/luxon@npm:9.1.1"
  dependencies:
    "@abp/core": "npm:~9.1.1"
    luxon: "npm:^3.5.0"
  checksum: 10c0/97176477e04c2c487f7dcee6600aea10b1d8ea69647b49a0ee779738aa0ea8e522704e7437313a1ca8b261201696155cb707597795d8a671b06099f996577f28
  languageName: node
  linkType: hard

"@abp/malihu-custom-scrollbar-plugin@npm:~9.1.1":
  version: 9.1.1
  resolution: "@abp/malihu-custom-scrollbar-plugin@npm:9.1.1"
  dependencies:
    "@abp/core": "npm:~9.1.1"
    malihu-custom-scrollbar-plugin: "npm:^3.1.5"
  checksum: 10c0/b5204ed30bce26898fe89389079bdc5e8febe21e574d8acb24da2bbbcf6d03eb907fa0f70979394f577bc0afce693b8786bd41659e2afae98d6bf4d26b57f2c3
  languageName: node
  linkType: hard

"@abp/moment@npm:~9.1.1":
  version: 9.1.1
  resolution: "@abp/moment@npm:9.1.1"
  dependencies:
    moment: "npm:^2.30.1"
  checksum: 10c0/8e7bb8e123713f1a044d68526440a436d2abfbc94ef827646dab8fdf4b102a8fbcd178f4a8d9a1e24fa6d634c5b09909794853a51b0f3216095deb7100904b15
  languageName: node
  linkType: hard

"@abp/select2@npm:~9.1.1":
  version: 9.1.1
  resolution: "@abp/select2@npm:9.1.1"
  dependencies:
    "@abp/core": "npm:~9.1.1"
    select2: "npm:^4.0.13"
  checksum: 10c0/e04af2f19b667b9fe3b7828d72da0321d67791b68feba8b5247ab15e33ffdef1c2366d6478be4721def8c5a10c6c429b2bd128adbf27fbf73cfabeb9b6ed09b9
  languageName: node
  linkType: hard

"@abp/sweetalert2@npm:~9.1.1":
  version: 9.1.1
  resolution: "@abp/sweetalert2@npm:9.1.1"
  dependencies:
    "@abp/core": "npm:~9.1.1"
    sweetalert2: "npm:^11.14.1"
  checksum: 10c0/d36682248c10bc673315c1bd3b918203970e654c2533a7f5733c71b0487a52816e3901019a6bf8ac0cfde67632635128557699dac5b48a40a616c5e334bd9a7f
  languageName: node
  linkType: hard

"@abp/timeago@npm:~9.1.1":
  version: 9.1.1
  resolution: "@abp/timeago@npm:9.1.1"
  dependencies:
    "@abp/jquery": "npm:~9.1.1"
    timeago: "npm:^1.6.7"
  checksum: 10c0/e845c0fc18a65e746233224f5d3f0c1d595be5e6873c7b46a03ce1c9db9c35dd1d46a2a947e673994a58d76d9f3a6125666d0b32157c6262cedbcde4dde3f93a
  languageName: node
  linkType: hard

"@abp/toastr@npm:~9.1.1":
  version: 9.1.1
  resolution: "@abp/toastr@npm:9.1.1"
  dependencies:
    "@abp/jquery": "npm:~9.1.1"
    toastr: "npm:^2.1.4"
  checksum: 10c0/ed770f702d251bb4cf9a6f1fe12ac79d707f174e38e79b8be8a2211605a56bfa53f77d6468ae0481a72f6d6d6388476201ca23488cd4727e3bb7b2f054de63a4
  languageName: node
  linkType: hard

"@abp/utils@npm:~9.1.1":
  version: 9.1.1
  resolution: "@abp/utils@npm:9.1.1"
  dependencies:
    just-compare: "npm:^2.3.0"
  checksum: 10c0/83a23a3d1068cbe5c9cbb5aa02b892c55fdf7655f5c3b8fa23a966696b63db9a3abc1de7be5ec90a1360dff200c115549aa62c17df4b4d40d0907c09eddc946f
  languageName: node
  linkType: hard

"@fortawesome/fontawesome-free@npm:^6.6.0":
  version: 6.7.2
  resolution: "@fortawesome/fontawesome-free@npm:6.7.2"
  checksum: 10c0/e27fb8b846f0bcf40c904acc210829a640329fc7b7ec4e42a7c43cb53739ed6052d78df90810f555a5c80bc608fee5a5174db3fa6da617f582d6210009a19278
  languageName: node
  linkType: hard

"ansi-colors@npm:^4.1.3":
  version: 4.1.3
  resolution: "ansi-colors@npm:4.1.3"
  checksum: 10c0/ec87a2f59902f74e61eada7f6e6fe20094a628dab765cfdbd03c3477599368768cffccdb5d3bb19a1b6c99126783a143b1fee31aab729b31ffe5836c7e5e28b9
  languageName: node
  linkType: hard

"bootstrap-datepicker@npm:^1.10.0":
  version: 1.10.0
  resolution: "bootstrap-datepicker@npm:1.10.0"
  dependencies:
    jquery: "npm:>=3.4.0 <4.0.0"
  checksum: 10c0/75acc7596cb7f8be26100885672097e77e2c9f1e4ec1d8ca9a716d3471f4e1167670d099e72f5e278b9bd88dfba31e65627cbcf1e41b0557c5835688b4939333
  languageName: node
  linkType: hard

"bootstrap-daterangepicker@npm:^3.1.0":
  version: 3.1.0
  resolution: "bootstrap-daterangepicker@npm:3.1.0"
  dependencies:
    jquery: "npm:>=1.10"
    moment: "npm:^2.9.0"
  checksum: 10c0/ab54b5247df355d85d478c8a7e0f5cb299d0064a14722d4311d7147bc72a06c4391752f3b49a2ae0c1ff861c563d17a99042cf7b6056a2ad5986f30c8c85623e
  languageName: node
  linkType: hard

"bootstrap@npm:^5.3.3":
  version: 5.3.5
  resolution: "bootstrap@npm:5.3.5"
  peerDependencies:
    "@popperjs/core": ^2.11.8
  checksum: 10c0/f0da8bd5e5f743d2d5f73ef531cec2483dec1da3e7aad1ce99d8823800eaedc2982e4c199eff9faf4630d3879261952f1f50c84bcb70ca75168dd5180cfc56ac
  languageName: node
  linkType: hard

"datatables.net-bs5@npm:^2.1.8":
  version: 2.2.2
  resolution: "datatables.net-bs5@npm:2.2.2"
  dependencies:
    datatables.net: "npm:2.2.2"
    jquery: "npm:>=1.7"
  checksum: 10c0/5568e86e71a1969139157f75cdb363eafd94d866130fb2fd627f62d2d86cea4a938e7ff753bc477934245f3ae97105b83bb30def88a6598cae5ad4e74ef319f6
  languageName: node
  linkType: hard

"datatables.net@npm:2.2.2, datatables.net@npm:^2.1.8":
  version: 2.2.2
  resolution: "datatables.net@npm:2.2.2"
  dependencies:
    jquery: "npm:>=1.7"
  checksum: 10c0/ca42e87e09cad2a3ca0f8728931fba48a222a87953d85ee0951432f9b0c7f15a630b787839ec2493b53f18744758ecfec9e18049ceccefec4323fd0895901845
  languageName: node
  linkType: hard

"jquery-form@npm:^4.3.0":
  version: 4.3.0
  resolution: "jquery-form@npm:4.3.0"
  dependencies:
    jquery: "npm:>=1.7.2"
  checksum: 10c0/69bc684a612978a47d83a8f6b54f4a288a90e4142201233d4b15449251c365dd0e2b30fa042c4209097d1d5eb8fd72cb7facf92384f8aa39650fa9eed2d10c28
  languageName: node
  linkType: hard

"jquery-mousewheel@npm:>=3.0.6":
  version: 3.2.2
  resolution: "jquery-mousewheel@npm:3.2.2"
  dependencies:
    jquery: "npm:>=1.2.6"
  checksum: 10c0/a8b45ae7759ce14134284cb6a2f2446f16d43325550c2e25653de572ca3e197b471b8322afb11ec114ab3b0f26b7072a7b47de7ed6617e9417328a94eac30740
  languageName: node
  linkType: hard

"jquery-validation-unobtrusive@npm:^4.0.0":
  version: 4.0.0
  resolution: "jquery-validation-unobtrusive@npm:4.0.0"
  dependencies:
    jquery: "npm:^3.6.0"
    jquery-validation: "npm:>=1.19"
  checksum: 10c0/17d28abec3759c1b615bfd6aaa87fea8ac2bea5c925fc1cab90da3e9c76d9feb29740877936ef41ed073eecc4f3a1a6b415f29cd00605fa02deb77427395646e
  languageName: node
  linkType: hard

"jquery-validation@npm:>=1.19, jquery-validation@npm:^1.21.0":
  version: 1.21.0
  resolution: "jquery-validation@npm:1.21.0"
  peerDependencies:
    jquery: ^1.7 || ^2.0 || ^3.1
  checksum: 10c0/b5e51fc037f79779f38bbc74dab9d1568d9f7821128aff6dcfeb12b39f0dea79f763516dc3e05b45fc9a2e9282037b08eccad0eef29fc3a23a0211454ab0f0e5
  languageName: node
  linkType: hard

"jquery@npm:>=1.10, jquery@npm:>=1.12.0, jquery@npm:>=1.2.6, jquery@npm:>=1.5.0 <4.0, jquery@npm:>=1.7, jquery@npm:>=1.7.2, jquery@npm:>=3.4.0 <4.0.0, jquery@npm:^3.6.0, jquery@npm:~3.7.1":
  version: 3.7.1
  resolution: "jquery@npm:3.7.1"
  checksum: 10c0/808cfbfb758438560224bf26e17fcd5afc7419170230c810dd11f5c1792e2263e2970cca8d659eb84fcd9acc301edb6d310096e450277d54be4f57071b0c82d9
  languageName: node
  linkType: hard

"just-compare@npm:^2.3.0":
  version: 2.3.0
  resolution: "just-compare@npm:2.3.0"
  checksum: 10c0/f99853b608c06bc36f3727220b159626a16c4ac890216725db83dd06d99d6cd1d5e8c3a2ab02072a39350f44d07745c14918be0db4aff74b744ed787712adeec
  languageName: node
  linkType: hard

"lodash@npm:^4.17.21":
  version: 4.17.21
  resolution: "lodash@npm:4.17.21"
  checksum: 10c0/d8cbea072bb08655bb4c989da418994b073a608dffa608b09ac04b43a791b12aeae7cd7ad919aa4c925f33b48490b5cfe6c1f71d827956071dae2e7bb3a6b74c
  languageName: node
  linkType: hard

"luxon@npm:^3.5.0":
  version: 3.6.1
  resolution: "luxon@npm:3.6.1"
  checksum: 10c0/906d57a9dc4d1de9383f2e9223e378c298607c1b4d17b6657b836a3cd120feb1c1de3b5d06d846a3417e1ca764de8476e8c23b3cd4083b5cdb870adcb06a99d5
  languageName: node
  linkType: hard

"malihu-custom-scrollbar-plugin@npm:^3.1.5":
  version: 3.1.5
  resolution: "malihu-custom-scrollbar-plugin@npm:3.1.5"
  dependencies:
    jquery-mousewheel: "npm:>=3.0.6"
  checksum: 10c0/f0eeb2cf7c53dfe3c02c11e9dc7ca0221101050beaca6b779c07bde2381bd599f0084158a2188c91dc8a2dd7eb9450db5af5063dbb31d65a0deefa29a1c9df99
  languageName: node
  linkType: hard

"moment@npm:^2.30.1, moment@npm:^2.9.0":
  version: 2.30.1
  resolution: "moment@npm:2.30.1"
  checksum: 10c0/865e4279418c6de666fca7786607705fd0189d8a7b7624e2e56be99290ac846f90878a6f602e34b4e0455c549b85385b1baf9966845962b313699e7cb847543a
  languageName: node
  linkType: hard

"my-app@workspace:.":
  version: 0.0.0-use.local
  resolution: "my-app@workspace:."
  dependencies:
    "@abp/aspnetcore.mvc.ui.theme.leptonxlite": "npm:~4.1.0"
  languageName: unknown
  linkType: soft

"select2@npm:^4.0.13":
  version: 4.0.13
  resolution: "select2@npm:4.0.13"
  checksum: 10c0/a393866565a5f878ca21276ed32793595851debb35ff48a8c368640e732619349f547d335b438b45ff5647145eb6c5af868cd5153740de58306a2dca2498550f
  languageName: node
  linkType: hard

"sweetalert2@npm:^11.14.1":
  version: 11.19.1
  resolution: "sweetalert2@npm:11.19.1"
  checksum: 10c0/b86793ac388138c3e7a3fd2adf61becbb7740bbc0d218ee24ae8abff43714794436d5976d977493f1bd43f0b4f3d541d48f30753ae84322427ec1152dfc4c7c5
  languageName: node
  linkType: hard

"timeago@npm:^1.6.7":
  version: 1.6.7
  resolution: "timeago@npm:1.6.7"
  dependencies:
    jquery: "npm:>=1.5.0 <4.0"
  checksum: 10c0/e5337d3d071590d4c75a101d50b2651153f5a25212e4c37476533f8cd4bc014fb335934b4290deef06842bf3df14181e83a81e099038efc535d59d191abac2c6
  languageName: node
  linkType: hard

"toastr@npm:^2.1.4":
  version: 2.1.4
  resolution: "toastr@npm:2.1.4"
  dependencies:
    jquery: "npm:>=1.12.0"
  checksum: 10c0/325ef9faa5d67fced64461a3c641002ca24492917c9d8c5c1a782d11f7e3ed5281683e3e00310c756365e3475ef6719e6acd93462228b8ac050eb6feee8ced60
  languageName: node
  linkType: hard
